{
  "name": "@hexlet/code",
  "version": "1.0.0",
  "lockfileVersion": 3,
  "requires": true,
  "packages": {
    "": {
      "name": "@hexlet/code",
      "version": "1.0.0",
      "license": "ISC",
      "dependencies": {
        "readline-sync": "github:anseki/readline-sync"
      },
      "bin": {
        "brain-games": "bin/brain-games.js"
      }
    },
    "node_modules/readline-sync": {
      "version": "1.4.10",
      "resolved": "git+ssh://git@github.com/anseki/readline-sync.git#0aeb612603ddf2319d8a1c796700bc7d809487b2",
      "license": "MIT",
      "engines": {
        "node": ">= 0.8.0"
      }
    }
  }
}
